# THIS IS AN AUTOGENERATED FILE. DO NOT EDIT THIS FILE DIRECTLY.
# yarn lockfile v1


"@vant/weapp@^1.10.16":
  version "1.10.16"
  resolved "https://registry.npmjs.org/@vant/weapp/-/weapp-1.10.16.tgz"
  integrity sha512-6ewSFv0w4ckKyuimn/tSdSVdDg5IgontD6/g19w+kshm2x39aajWqxSs3HjW2+Cde+NG2ri949R+00+NFcVHPw==

dayjs@^1.11.7:
  version "1.11.7"
  resolved "https://registry.npmjs.org/dayjs/-/dayjs-1.11.7.tgz"
  integrity sha512-+Yw9U6YO5TQohxLcIkrXBeY73WP3ejHWVvx8XCk3gxvQDCTEmS48ZrSZCKciI7Bhl/uCMyxYtE9UqRILmFphkQ==

miniprogram-api-typings@^3.9.1:
  version "3.9.1"
  resolved "https://registry.yarnpkg.com/miniprogram-api-typings/-/miniprogram-api-typings-3.9.1.tgz#8c76698ff6a0ae17896c2115b016ebc0fbfa593f"
  integrity sha512-oyratzOWyuFhBzONp06l0FBPu03ltCd1sRWoy2v38SnAKxtpZ8ySLTSEw//hIsBdocMda7fFZEjOG57L57mcUw==

vant-weapp@^0.5.29:
  version "0.5.29"
  resolved "https://registry.npmjs.org/vant-weapp/-/vant-weapp-0.5.29.tgz"
  integrity sha512-RMc0Ga914XFwspw2WuOMU8bOHlIkua8X1DoQ/KPnGQzjwT1uEL4S7W186EmaHF1wN2krB9BVd0LdRRt39dGh6Q==
